
Microsoft Visual Studio Solution File, Format Version 12.00
# Visual Studio Version 16
VisualStudioVersion = 16.0.30804.86
MinimumVisualStudioVersion = 10.0.40219.1
Project("{9A19103F-16F7-4668-BE54-9A1E7A4F7556}") = "WEA.Web", "WEA.Web\WEA.Web.csproj", "{29C56155-583C-475D-AA01-1424B2F97AA5}"
EndProject
Project("{FAE04EC0-301F-11D3-BF4B-00C04F79EFBC}") = "WEA.SharedKernel", "WEA.SharedKernel\WEA.SharedKernel.csproj", "{D3E192A4-78E6-4630-9241-E7C6C22F0A17}"
EndProject
Project("{FAE04EC0-301F-11D3-BF4B-00C04F79EFBC}") = "WEA.Infrastructure", "WEA.Infrastructure\WEA.Infrastructure.csproj", "{C27C85FA-1C8B-46C1-A8F9-DD7806549D39}"
EndProject
Project("{FAE04EC0-301F-11D3-BF4B-00C04F79EFBC}") = "WEA.Core", "WEA.Core\WEA.Core.csproj", "{642670ED-0DE5-45F5-95D4-FCBB04C329C3}"
EndProject
Project("{FAE04EC0-301F-11D3-BF4B-00C04F79EFBC}") = "WEA.Common", "WEA.Common\WEA.Common.csproj", "{386D528C-E2D1-4468-AF15-6FB60148806F}"
EndProject
Global
	GlobalSection(SolutionConfigurationPlatforms) = preSolution
		Debug|Any CPU = Debug|Any CPU
		Release|Any CPU = Release|Any CPU
	EndGlobalSection
	GlobalSection(ProjectConfigurationPlatforms) = postSolution
		{29C56155-583C-475D-AA01-1424B2F97AA5}.Debug|Any CPU.ActiveCfg = Debug|Any CPU
		{29C56155-583C-475D-AA01-1424B2F97AA5}.Debug|Any CPU.Build.0 = Debug|Any CPU
		{29C56155-583C-475D-AA01-1424B2F97AA5}.Release|Any CPU.ActiveCfg = Release|Any CPU
		{29C56155-583C-475D-AA01-1424B2F97AA5}.Release|Any CPU.Build.0 = Release|Any CPU
		{D3E192A4-78E6-4630-9241-E7C6C22F0A17}.Debug|Any CPU.ActiveCfg = Debug|Any CPU
		{D3E192A4-78E6-4630-9241-E7C6C22F0A17}.Debug|Any CPU.Build.0 = Debug|Any CPU
		{D3E192A4-78E6-4630-9241-E7C6C22F0A17}.Release|Any CPU.ActiveCfg = Release|Any CPU
		{D3E192A4-78E6-4630-9241-E7C6C22F0A17}.Release|Any CPU.Build.0 = Release|Any CPU
		{C27C85FA-1C8B-46C1-A8F9-DD7806549D39}.Debug|Any CPU.ActiveCfg = Debug|Any CPU
		{C27C85FA-1C8B-46C1-A8F9-DD7806549D39}.Debug|Any CPU.Build.0 = Debug|Any CPU
		{C27C85FA-1C8B-46C1-A8F9-DD7806549D39}.Release|Any CPU.ActiveCfg = Release|Any CPU
		{C27C85FA-1C8B-46C1-A8F9-DD7806549D39}.Release|Any CPU.Build.0 = Release|Any CPU
		{642670ED-0DE5-45F5-95D4-FCBB04C329C3}.Debug|Any CPU.ActiveCfg = Debug|Any CPU
		{642670ED-0DE5-45F5-95D4-FCBB04C329C3}.Debug|Any CPU.Build.0 = Debug|Any CPU
		{642670ED-0DE5-45F5-95D4-FCBB04C329C3}.Release|Any CPU.ActiveCfg = Release|Any CPU
		{642670ED-0DE5-45F5-95D4-FCBB04C329C3}.Release|Any CPU.Build.0 = Release|Any CPU
		{386D528C-E2D1-4468-AF15-6FB60148806F}.Debug|Any CPU.ActiveCfg = Debug|Any CPU
		{386D528C-E2D1-4468-AF15-6FB60148806F}.Debug|Any CPU.Build.0 = Debug|Any CPU
		{386D528C-E2D1-4468-AF15-6FB60148806F}.Release|Any CPU.ActiveCfg = Release|Any CPU
		{386D528C-E2D1-4468-AF15-6FB60148806F}.Release|Any CPU.Build.0 = Release|Any CPU
	EndGlobalSection
	GlobalSection(SolutionProperties) = preSolution
		HideSolutionNode = FALSE
	EndGlobalSection
	GlobalSection(ExtensibilityGlobals) = postSolution
		SolutionGuid = {419776F5-4AC3-4CDA-900B-3AA83004E451}
	EndGlobalSection
EndGlobal
